
Microsoft Visual Studio Solution File, Format Version 12.00
# Visual Studio Version 16
VisualStudioVersion = 16.0.31019.35
MinimumVisualStudioVersion = 10.0.40219.1
Project("{9A19103F-16F7-4668-BE54-9A1E7A4F7556}") = "BankApp.DataAccess", "BankApp.DataAccess\BankApp.DataAccess.csproj", "{BB04CC37-F89F-40C7-8A1B-8346BA8A5597}"
EndProject
Project("{9A19103F-16F7-4668-BE54-9A1E7A4F7556}") = "BankApp.Model", "BankApp.Model\BankApp.Model.csproj", "{B081C90E-5CD5-446E-B82D-1441E5735A70}"
EndProject
Project("{9A19103F-16F7-4668-BE54-9A1E7A4F7556}") = "BankApp.UI.Themes", "BankApp.UI.Themes\BankApp.UI.Themes.csproj", "{8C2C84D0-14FE-4E52-ADDC-3FF5CBECF572}"
EndProject
Project("{9A19103F-16F7-4668-BE54-9A1E7A4F7556}") = "BankApp.UI", "BankApp.UI\BankApp.UI.csproj", "{4F4A140B-7035-4507-A223-130E1ABBD738}"
EndProject
Project("{FAE04EC0-301F-11D3-BF4B-00C04F79EFBC}") = "BankApp.Tests", "BankApp.Tests\BankApp.Tests.csproj", "{9160923E-E7B9-4B72-B075-8A24FCE4792E}"
EndProject
Global
	GlobalSection(SolutionConfigurationPlatforms) = preSolution
		Debug|Any CPU = Debug|Any CPU
		Release|Any CPU = Release|Any CPU
	EndGlobalSection
	GlobalSection(ProjectConfigurationPlatforms) = postSolution
		{BB04CC37-F89F-40C7-8A1B-8346BA8A5597}.Debug|Any CPU.ActiveCfg = Debug|Any CPU
		{BB04CC37-F89F-40C7-8A1B-8346BA8A5597}.Debug|Any CPU.Build.0 = Debug|Any CPU
		{BB04CC37-F89F-40C7-8A1B-8346BA8A5597}.Release|Any CPU.ActiveCfg = Release|Any CPU
		{BB04CC37-F89F-40C7-8A1B-8346BA8A5597}.Release|Any CPU.Build.0 = Release|Any CPU
		{B081C90E-5CD5-446E-B82D-1441E5735A70}.Debug|Any CPU.ActiveCfg = Debug|Any CPU
		{B081C90E-5CD5-446E-B82D-1441E5735A70}.Debug|Any CPU.Build.0 = Debug|Any CPU
		{B081C90E-5CD5-446E-B82D-1441E5735A70}.Release|Any CPU.ActiveCfg = Release|Any CPU
		{B081C90E-5CD5-446E-B82D-1441E5735A70}.Release|Any CPU.Build.0 = Release|Any CPU
		{8C2C84D0-14FE-4E52-ADDC-3FF5CBECF572}.Debug|Any CPU.ActiveCfg = Debug|Any CPU
		{8C2C84D0-14FE-4E52-ADDC-3FF5CBECF572}.Debug|Any CPU.Build.0 = Debug|Any CPU
		{8C2C84D0-14FE-4E52-ADDC-3FF5CBECF572}.Release|Any CPU.ActiveCfg = Release|Any CPU
		{8C2C84D0-14FE-4E52-ADDC-3FF5CBECF572}.Release|Any CPU.Build.0 = Release|Any CPU
		{4F4A140B-7035-4507-A223-130E1ABBD738}.Debug|Any CPU.ActiveCfg = Debug|Any CPU
		{4F4A140B-7035-4507-A223-130E1ABBD738}.Debug|Any CPU.Build.0 = Debug|Any CPU
		{4F4A140B-7035-4507-A223-130E1ABBD738}.Release|Any CPU.ActiveCfg = Release|Any CPU
		{4F4A140B-7035-4507-A223-130E1ABBD738}.Release|Any CPU.Build.0 = Release|Any CPU
		{9160923E-E7B9-4B72-B075-8A24FCE4792E}.Debug|Any CPU.ActiveCfg = Debug|Any CPU
		{9160923E-E7B9-4B72-B075-8A24FCE4792E}.Debug|Any CPU.Build.0 = Debug|Any CPU
		{9160923E-E7B9-4B72-B075-8A24FCE4792E}.Release|Any CPU.ActiveCfg = Release|Any CPU
		{9160923E-E7B9-4B72-B075-8A24FCE4792E}.Release|Any CPU.Build.0 = Release|Any CPU
	EndGlobalSection
	GlobalSection(SolutionProperties) = preSolution
		HideSolutionNode = FALSE
	EndGlobalSection
	GlobalSection(ExtensibilityGlobals) = postSolution
		SolutionGuid = {7559338F-E671-449A-AF25-CCCE1DBBD5DC}
	EndGlobalSection
EndGlobal
