
Microsoft Visual Studio Solution File, Format Version 12.00
# Visual Studio Version 16
VisualStudioVersion = 16.0.31019.35
MinimumVisualStudioVersion = 10.0.40219.1
Project("{FAE04EC0-301F-11D3-BF4B-00C04F79EFBC}") = "BankApp.UI", "BankApp\BankApp.UI.csproj", "{97906D74-9A2F-4482-9C18-2819EEA039B7}"
EndProject
Global
	GlobalSection(SolutionConfigurationPlatforms) = preSolution
		Debug|Any CPU = Debug|Any CPU
		Release|Any CPU = Release|Any CPU
	EndGlobalSection
	GlobalSection(ProjectConfigurationPlatforms) = postSolution
		{97906D74-9A2F-4482-9C18-2819EEA039B7}.Debug|Any CPU.ActiveCfg = Debug|Any CPU
		{97906D74-9A2F-4482-9C18-2819EEA039B7}.Debug|Any CPU.Build.0 = Debug|Any CPU
		{97906D74-9A2F-4482-9C18-2819EEA039B7}.Release|Any CPU.ActiveCfg = Release|Any CPU
		{97906D74-9A2F-4482-9C18-2819EEA039B7}.Release|Any CPU.Build.0 = Release|Any CPU
	EndGlobalSection
	GlobalSection(SolutionProperties) = preSolution
		HideSolutionNode = FALSE
	EndGlobalSection
	GlobalSection(ExtensibilityGlobals) = postSolution
		SolutionGuid = {7559338F-E671-449A-AF25-CCCE1DBBD5DC}
	EndGlobalSection
EndGlobal
